// !$*UTF8*$!
{
	archiveVersion = 1;
	classes = {
	};
	objectVersion = 54;
	objects = {

/* Begin PBXBuildFile section */
		04834F147B2B01FF15E45455 /* TimerViewModel.swift in Sources */ = {isa = PBXBuildFile; fileRef = 8FDF1C3EEC97EBA9757DCA7E /* TimerViewModel.swift */; };
		3AF26AC7C2699BE7A386D86E /* SettingsView.swift in Sources */ = {isa = PBXBuildFile; fileRef = 1664F15A9717E3AE36FB5510 /* SettingsView.swift */; };
		4E94F8FA6BB9BE6127C36B15 /* SessionStorage.swift in Sources */ = {isa = PBXBuildFile; fileRef = 1B3B21E16AC04359F73F01D5 /* SessionStorage.swift */; };
		51CB3FBE83A68AC143706867 /* FocusFlowApp.swift in Sources */ = {isa = PBXBuildFile; fileRef = 5CBE8F777E1AD338FF7D603B /* FocusFlowApp.swift */; };
		64AA6F0A18E1362A5C03D971 /* Assets.xcassets in Resources */ = {isa = PBXBuildFile; fileRef = C22A98ACA658FAC2021282EE /* Assets.xcassets */; };
		9C190BA4001EC95D347A0B35 /* FocusSession.swift in Sources */ = {isa = PBXBuildFile; fileRef = 039E0828B61BB43E313AB998 /* FocusSession.swift */; };
		B2CE8C001E47B6366319C1CA /* ContentView.swift in Sources */ = {isa = PBXBuildFile; fileRef = 967C1BC1A1B22B489D6420AF /* ContentView.swift */; };
		E28B737CCC7E684D4B484C0C /* StatsView.swift in Sources */ = {isa = PBXBuildFile; fileRef = EB8B0B0AD9493A2F6A427881 /* StatsView.swift */; };
		E795C4467AA3754B5FFDC4D4 /* TimerView.swift in Sources */ = {isa = PBXBuildFile; fileRef = B2DD122513C2BE4B86403D62 /* TimerView.swift */; };
/* End PBXBuildFile section */

/* Begin PBXFileReference section */
		039E0828B61BB43E313AB998 /* FocusSession.swift */ = {isa = PBXFileReference; lastKnownFileType = sourcecode.swift; path = FocusSession.swift; sourceTree = "<group>"; };
		1664F15A9717E3AE36FB5510 /* SettingsView.swift */ = {isa = PBXFileReference; lastKnownFileType = sourcecode.swift; path = SettingsView.swift; sourceTree = "<group>"; };
		1B3B21E16AC04359F73F01D5 /* SessionStorage.swift */ = {isa = PBXFileReference; lastKnownFileType = sourcecode.swift; path = SessionStorage.swift; sourceTree = "<group>"; };
		5CBE8F777E1AD338FF7D603B /* FocusFlowApp.swift */ = {isa = PBXFileReference; lastKnownFileType = sourcecode.swift; path = FocusFlowApp.swift; sourceTree = "<group>"; };
		8FDF1C3EEC97EBA9757DCA7E /* TimerViewModel.swift */ = {isa = PBXFileReference; lastKnownFileType = sourcecode.swift; path = TimerViewModel.swift; sourceTree = "<group>"; };
		967C1BC1A1B22B489D6420AF /* ContentView.swift */ = {isa = PBXFileReference; lastKnownFileType = sourcecode.swift; path = ContentView.swift; sourceTree = "<group>"; };
		AF2CA8D18F777F2E2A08CB53 /* FocusFlow.app */ = {isa = PBXFileReference; includeInIndex = 0; lastKnownFileType = wrapper.application; path = FocusFlow.app; sourceTree = BUILT_PRODUCTS_DIR; };
		B2DD122513C2BE4B86403D62 /* TimerView.swift */ = {isa = PBXFileReference; lastKnownFileType = sourcecode.swift; path = TimerView.swift; sourceTree = "<group>"; };
		C22A98ACA658FAC2021282EE /* Assets.xcassets */ = {isa = PBXFileReference; lastKnownFileType = folder.assetcatalog; path = Assets.xcassets; sourceTree = "<group>"; };
		EB8B0B0AD9493A2F6A427881 /* StatsView.swift */ = {isa = PBXFileReference; lastKnownFileType = sourcecode.swift; path = StatsView.swift; sourceTree = "<group>"; };
/* End PBXFileReference section */

/* Begin PBXGroup section */
		002FBEB2957B9CFD5997F33B /* ViewModels */ = {
			isa = PBXGroup;
			children = (
				8FDF1C3EEC97EBA9757DCA7E /* TimerViewModel.swift */,
			);
			path = ViewModels;
			sourceTree = "<group>";
		};
		25BA736DA553483DAFF43419 /* Storage */ = {
			isa = PBXGroup;
			children = (
				1B3B21E16AC04359F73F01D5 /* SessionStorage.swift */,
			);
			path = Storage;
			sourceTree = "<group>";
		};
		3FEAAE055FC1FDD581F0881F /* Products */ = {
			isa = PBXGroup;
			children = (
				AF2CA8D18F777F2E2A08CB53 /* FocusFlow.app */,
			);
			name = Products;
			sourceTree = "<group>";
		};
		514194178FCA7D4F2C2C9927 /* FocusFlow */ = {
			isa = PBXGroup;
			children = (
				C22A98ACA658FAC2021282EE /* Assets.xcassets */,
				967C1BC1A1B22B489D6420AF /* ContentView.swift */,
				5CBE8F777E1AD338FF7D603B /* FocusFlowApp.swift */,
				8550A6E6385B6752AE076C7A /* Models */,
				25BA736DA553483DAFF43419 /* Storage */,
				002FBEB2957B9CFD5997F33B /* ViewModels */,
				59E2F5B5AE0528CA2122462A /* Views */,
			);
			path = FocusFlow;
			sourceTree = "<group>";
		};
		59E2F5B5AE0528CA2122462A /* Views */ = {
			isa = PBXGroup;
			children = (
				1664F15A9717E3AE36FB5510 /* SettingsView.swift */,
				EB8B0B0AD9493A2F6A427881 /* StatsView.swift */,
				B2DD122513C2BE4B86403D62 /* TimerView.swift */,
			);
			path = Views;
			sourceTree = "<group>";
		};
		8550A6E6385B6752AE076C7A /* Models */ = {
			isa = PBXGroup;
			children = (
				039E0828B61BB43E313AB998 /* FocusSession.swift */,
			);
			path = Models;
			sourceTree = "<group>";
		};
		894B6BA12AC8F45C650AF178 = {
			isa = PBXGroup;
			children = (
				514194178FCA7D4F2C2C9927 /* FocusFlow */,
				3FEAAE055FC1FDD581F0881F /* Products */,
			);
			sourceTree = "<group>";
		};
/* End PBXGroup section */

/* Begin PBXNativeTarget section */
		DC4994EFAFF2408E8660C9BD /* FocusFlow */ = {
			isa = PBXNativeTarget;
			buildConfigurationList = 6F1FF262C8813E8AC5EDCF15 /* Build configuration list for PBXNativeTarget "FocusFlow" */;
			buildPhases = (
				75C0FE50CA8B08BF3C4E357C /* Sources */,
				C5D0118D9E2806C109D9CAAD /* Resources */,
			);
			buildRules = (
			);
			dependencies = (
			);
			name = FocusFlow;
			packageProductDependencies = (
			);
			productName = FocusFlow;
			productReference = AF2CA8D18F777F2E2A08CB53 /* FocusFlow.app */;
			productType = "com.apple.product-type.application";
		};
/* End PBXNativeTarget section */

/* Begin PBXProject section */
		97DE19DA9AB725EE9C06FF9B /* Project object */ = {
			isa = PBXProject;
			attributes = {
				BuildIndependentTargetsInParallel = YES;
				LastUpgradeCheck = 1500;
				TargetAttributes = {
				};
			};
			buildConfigurationList = 0BB18131807E661ABE3537F8 /* Build configuration list for PBXProject "FocusFlow" */;
			compatibilityVersion = "Xcode 14.0";
			developmentRegion = en;
			hasScannedForEncodings = 0;
			knownRegions = (
				Base,
				en,
			);
			mainGroup = 894B6BA12AC8F45C650AF178;
			minimizedProjectReferenceProxies = 1;
			preferredProjectObjectVersion = 54;
			projectDirPath = "";
			projectRoot = "";
			targets = (
				DC4994EFAFF2408E8660C9BD /* FocusFlow */,
			);
		};
/* End PBXProject section */

/* Begin PBXResourcesBuildPhase section */
		C5D0118D9E2806C109D9CAAD /* Resources */ = {
			isa = PBXResourcesBuildPhase;
			buildActionMask = 2147483647;
			files = (
				64AA6F0A18E1362A5C03D971 /* Assets.xcassets in Resources */,
			);
			runOnlyForDeploymentPostprocessing = 0;
		};
/* End PBXResourcesBuildPhase section */

/* Begin PBXSourcesBuildPhase section */
		75C0FE50CA8B08BF3C4E357C /* Sources */ = {
			isa = PBXSourcesBuildPhase;
			buildActionMask = 2147483647;
			files = (
				B2CE8C001E47B6366319C1CA /* ContentView.swift in Sources */,
				51CB3FBE83A68AC143706867 /* FocusFlowApp.swift in Sources */,
				9C190BA4001EC95D347A0B35 /* FocusSession.swift in Sources */,
				4E94F8FA6BB9BE6127C36B15 /* SessionStorage.swift in Sources */,
				3AF26AC7C2699BE7A386D86E /* SettingsView.swift in Sources */,
				E28B737CCC7E684D4B484C0C /* StatsView.swift in Sources */,
				E795C4467AA3754B5FFDC4D4 /* TimerView.swift in Sources */,
				04834F147B2B01FF15E45455 /* TimerViewModel.swift in Sources */,
			);
			runOnlyForDeploymentPostprocessing = 0;
		};
/* End PBXSourcesBuildPhase section */

/* Begin XCBuildConfiguration section */
		1C6FCA9812460553C0AAA8E2 /* Debug */ = {
			isa = XCBuildConfiguration;
			buildSettings = {
				ASSETCATALOG_COMPILER_APPICON_NAME = AppIcon;
				CODE_SIGN_IDENTITY = "iPhone Developer";
				INFOPLIST_KEY_CFBundleDisplayName = FocusFlow;
				LD_RUNPATH_SEARCH_PATHS = (
					"$(inherited)",
					"@executable_path/Frameworks",
				);
				PRODUCT_BUNDLE_IDENTIFIER = com.zachthomas.focusflow;
				SDKROOT = iphoneos;
				TARGETED_DEVICE_FAMILY = "1,2";
			};
			name = Debug;
		};
		2796D4182B0CBAFC67D63C14 /* Release */ = {
			isa = XCBuildConfiguration;
			buildSettings = {
				ALWAYS_SEARCH_USER_PATHS = NO;
				ASSETCATALOG_COMPILER_APPICON_NAME = AppIcon;
				ASSETCATALOG_COMPILER_GLOBAL_ACCENT_COLOR_NAME = AccentColor;
				CLANG_ANALYZER_NONNULL = YES;
				CLANG_ANALYZER_NUMBER_OBJECT_CONVERSION = YES_AGGRESSIVE;
				CLANG_CXX_LANGUAGE_STANDARD = "gnu++14";
				CLANG_CXX_LIBRARY = "libc++";
				CLANG_ENABLE_MODULES = YES;
				CLANG_ENABLE_OBJC_ARC = YES;
				CLANG_ENABLE_OBJC_WEAK = YES;
				CLANG_WARN_BLOCK_CAPTURE_AUTORELEASING = YES;
				CLANG_WARN_BOOL_CONVERSION = YES;
				CLANG_WARN_COMMA = YES;
				CLANG_WARN_CONSTANT_CONVERSION = YES;
				CLANG_WARN_DEPRECATED_OBJC_IMPLEMENTATIONS = YES;
				CLANG_WARN_DIRECT_OBJC_ISA_USAGE = YES_ERROR;
				CLANG_WARN_DOCUMENTATION_COMMENTS = YES;
				CLANG_WARN_EMPTY_BODY = YES;
				CLANG_WARN_ENUM_CONVERSION = YES;
				CLANG_WARN_INFINITE_RECURSION = YES;
				CLANG_WARN_INT_CONVERSION = YES;
				CLANG_WARN_NON_LITERAL_NULL_CONVERSION = YES;
				CLANG_WARN_OBJC_IMPLICIT_RETAIN_SELF = YES;
				CLANG_WARN_OBJC_LITERAL_CONVERSION = YES;
				CLANG_WARN_OBJC_ROOT_CLASS = YES_ERROR;
				CLANG_WARN_QUOTED_INCLUDE_IN_FRAMEWORK_HEADER = YES;
				CLANG_WARN_RANGE_LOOP_ANALYSIS = YES;
				CLANG_WARN_STRICT_PROTOTYPES = YES;
				CLANG_WARN_SUSPICIOUS_MOVE = YES;
				CLANG_WARN_UNGUARDED_AVAILABILITY = YES_AGGRESSIVE;
				CLANG_WARN_UNREACHABLE_CODE = YES;
				CLANG_WARN__DUPLICATE_METHOD_MATCH = YES;
				COPY_PHASE_STRIP = NO;
				CURRENT_PROJECT_VERSION = 1;
				DEBUG_INFORMATION_FORMAT = "dwarf-with-dsym";
				ENABLE_NS_ASSERTIONS = NO;
				ENABLE_STRICT_OBJC_MSGSEND = YES;
				GCC_C_LANGUAGE_STANDARD = gnu11;
				GCC_NO_COMMON_BLOCKS = YES;
				GCC_WARN_64_TO_32_BIT_CONVERSION = YES;
				GCC_WARN_ABOUT_RETURN_TYPE = YES_ERROR;
				GCC_WARN_UNDECLARED_SELECTOR = YES;
				GCC_WARN_UNINITIALIZED_AUTOS = YES_AGGRESSIVE;
				GCC_WARN_UNUSED_FUNCTION = YES;
				GCC_WARN_UNUSED_VARIABLE = YES;
				GENERATE_INFOPLIST_FILE = YES;
				INFOPLIST_KEY_CFBundleDisplayName = FocusFlow;
				INFOPLIST_KEY_LSApplicationCategoryType = "public.app-category.productivity";
				INFOPLIST_KEY_UILaunchScreen_Generation = YES;
				INFOPLIST_KEY_UISupportedInterfaceOrientations = UIInterfaceOrientationPortrait;
				INFOPLIST_KEY_UISupportedInterfaceOrientations_iPad = "UIInterfaceOrientationPortrait UIInterfaceOrientationPortraitUpsideDown UIInterfaceOrientationLandscapeLeft UIInterfaceOrientationLandscapeRight";
				IPHONEOS_DEPLOYMENT_TARGET = 17.0;
				MARKETING_VERSION = 1.0.0;
				MTL_ENABLE_DEBUG_INFO = NO;
				MTL_FAST_MATH = YES;
				PRODUCT_NAME = "$(TARGET_NAME)";
				SDKROOT = iphoneos;
				SWIFT_COMPILATION_MODE = wholemodule;
				SWIFT_OPTIMIZATION_LEVEL = "-O";
				SWIFT_VERSION = 5.9;
			};
			name = Release;
		};
		782A8521389D9F5B4494BFF8 /* Release */ = {
			isa = XCBuildConfiguration;
			buildSettings = {
				ASSETCATALOG_COMPILER_APPICON_NAME = AppIcon;
				CODE_SIGN_IDENTITY = "iPhone Developer";
				INFOPLIST_KEY_CFBundleDisplayName = FocusFlow;
				LD_RUNPATH_SEARCH_PATHS = (
					"$(inherited)",
					"@executable_path/Frameworks",
				);
				PRODUCT_BUNDLE_IDENTIFIER = com.zachthomas.focusflow;
				SDKROOT = iphoneos;
				TARGETED_DEVICE_FAMILY = "1,2";
			};
			name = Release;
		};
		BE6F3938F2E8134B7556845E /* Debug */ = {
			isa = XCBuildConfiguration;
			buildSettings = {
				ALWAYS_SEARCH_USER_PATHS = NO;
				ASSETCATALOG_COMPILER_APPICON_NAME = AppIcon;
				ASSETCATALOG_COMPILER_GLOBAL_ACCENT_COLOR_NAME = AccentColor;
				CLANG_ANALYZER_NONNULL = YES;
				CLANG_ANALYZER_NUMBER_OBJECT_CONVERSION = YES_AGGRESSIVE;
				CLANG_CXX_LANGUAGE_STANDARD = "gnu++14";
				CLANG_CXX_LIBRARY = "libc++";
				CLANG_ENABLE_MODULES = YES;
				CLANG_ENABLE_OBJC_ARC = YES;
				CLANG_ENABLE_OBJC_WEAK = YES;
				CLANG_WARN_BLOCK_CAPTURE_AUTORELEASING = YES;
				CLANG_WARN_BOOL_CONVERSION = YES;
				CLANG_WARN_COMMA = YES;
				CLANG_WARN_CONSTANT_CONVERSION = YES;
				CLANG_WARN_DEPRECATED_OBJC_IMPLEMENTATIONS = YES;
				CLANG_WARN_DIRECT_OBJC_ISA_USAGE = YES_ERROR;
				CLANG_WARN_DOCUMENTATION_COMMENTS = YES;
				CLANG_WARN_EMPTY_BODY = YES;
				CLANG_WARN_ENUM_CONVERSION = YES;
				CLANG_WARN_INFINITE_RECURSION = YES;
				CLANG_WARN_INT_CONVERSION = YES;
				CLANG_WARN_NON_LITERAL_NULL_CONVERSION = YES;
				CLANG_WARN_OBJC_IMPLICIT_RETAIN_SELF = YES;
				CLANG_WARN_OBJC_LITERAL_CONVERSION = YES;
				CLANG_WARN_OBJC_ROOT_CLASS = YES_ERROR;
				CLANG_WARN_QUOTED_INCLUDE_IN_FRAMEWORK_HEADER = YES;
				CLANG_WARN_RANGE_LOOP_ANALYSIS = YES;
				CLANG_WARN_STRICT_PROTOTYPES = YES;
				CLANG_WARN_SUSPICIOUS_MOVE = YES;
				CLANG_WARN_UNGUARDED_AVAILABILITY = YES_AGGRESSIVE;
				CLANG_WARN_UNREACHABLE_CODE = YES;
				CLANG_WARN__DUPLICATE_METHOD_MATCH = YES;
				COPY_PHASE_STRIP = NO;
				CURRENT_PROJECT_VERSION = 1;
				DEBUG_INFORMATION_FORMAT = dwarf;
				ENABLE_STRICT_OBJC_MSGSEND = YES;
				ENABLE_TESTABILITY = YES;
				GCC_C_LANGUAGE_STANDARD = gnu11;
				GCC_DYNAMIC_NO_PIC = NO;
				GCC_NO_COMMON_BLOCKS = YES;
				GCC_OPTIMIZATION_LEVEL = 0;
				GCC_PREPROCESSOR_DEFINITIONS = (
					"$(inherited)",
					"DEBUG=1",
				);
				GCC_WARN_64_TO_32_BIT_CONVERSION = YES;
				GCC_WARN_ABOUT_RETURN_TYPE = YES_ERROR;
				GCC_WARN_UNDECLARED_SELECTOR = YES;
				GCC_WARN_UNINITIALIZED_AUTOS = YES_AGGRESSIVE;
				GCC_WARN_UNUSED_FUNCTION = YES;
				GCC_WARN_UNUSED_VARIABLE = YES;
				GENERATE_INFOPLIST_FILE = YES;
				INFOPLIST_KEY_CFBundleDisplayName = FocusFlow;
				INFOPLIST_KEY_LSApplicationCategoryType = "public.app-category.productivity";
				INFOPLIST_KEY_UILaunchScreen_Generation = YES;
				INFOPLIST_KEY_UISupportedInterfaceOrientations = UIInterfaceOrientationPortrait;
				INFOPLIST_KEY_UISupportedInterfaceOrientations_iPad = "UIInterfaceOrientationPortrait UIInterfaceOrientationPortraitUpsideDown UIInterfaceOrientationLandscapeLeft UIInterfaceOrientationLandscapeRight";
				IPHONEOS_DEPLOYMENT_TARGET = 17.0;
				MARKETING_VERSION = 1.0.0;
				MTL_ENABLE_DEBUG_INFO = INCLUDE_SOURCE;
				MTL_FAST_MATH = YES;
				ONLY_ACTIVE_ARCH = YES;
				PRODUCT_NAME = "$(TARGET_NAME)";
				SDKROOT = iphoneos;
				SWIFT_ACTIVE_COMPILATION_CONDITIONS = DEBUG;
				SWIFT_OPTIMIZATION_LEVEL = "-Onone";
				SWIFT_VERSION = 5.9;
			};
			name = Debug;
		};
/* End XCBuildConfiguration section */

/* Begin XCConfigurationList section */
		0BB18131807E661ABE3537F8 /* Build configuration list for PBXProject "FocusFlow" */ = {
			isa = XCConfigurationList;
			buildConfigurations = (
				BE6F3938F2E8134B7556845E /* Debug */,
				2796D4182B0CBAFC67D63C14 /* Release */,
			);
			defaultConfigurationIsVisible = 0;
			defaultConfigurationName = Debug;
		};
		6F1FF262C8813E8AC5EDCF15 /* Build configuration list for PBXNativeTarget "FocusFlow" */ = {
			isa = XCConfigurationList;
			buildConfigurations = (
				1C6FCA9812460553C0AAA8E2 /* Debug */,
				782A8521389D9F5B4494BFF8 /* Release */,
			);
			defaultConfigurationIsVisible = 0;
			defaultConfigurationName = Debug;
		};
/* End XCConfigurationList section */
	};
	rootObject = 97DE19DA9AB725EE9C06FF9B /* Project object */;
}
